
Microsoft Visual Studio Solution File, Format Version 12.00
# Visual Studio Version 16
VisualStudioVersion = 16.0.29926.136
MinimumVisualStudioVersion = 10.0.40219.1
Project("{FAE04EC0-301F-11D3-BF4B-00C04F79EFBC}") = "MathQuiz", "MathQuiz.csproj", "{82B4EDB8-1189-4D2D-B38B-5587190A2697}"
EndProject
Global
	GlobalSection(SolutionConfigurationPlatforms) = preSolution
		Debug|Any CPU = Debug|Any CPU
		Release|Any CPU = Release|Any CPU
	EndGlobalSection
	GlobalSection(ProjectConfigurationPlatforms) = postSolution
		{82B4EDB8-1189-4D2D-B38B-5587190A2697}.Debug|Any CPU.ActiveCfg = Debug|Any CPU
		{82B4EDB8-1189-4D2D-B38B-5587190A2697}.Debug|Any CPU.Build.0 = Debug|Any CPU
		{82B4EDB8-1189-4D2D-B38B-5587190A2697}.Release|Any CPU.ActiveCfg = Release|Any CPU
		{82B4EDB8-1189-4D2D-B38B-5587190A2697}.Release|Any CPU.Build.0 = Release|Any CPU
	EndGlobalSection
	GlobalSection(SolutionProperties) = preSolution
		HideSolutionNode = FALSE
	EndGlobalSection
	GlobalSection(ExtensibilityGlobals) = postSolution
		SolutionGuid = {E56BE8A8-5E52-4908-BD50-870A5ADB104A}
	EndGlobalSection
EndGlobal
